
Microsoft Visual Studio Solution File, Format Version 12.00
# Visual Studio Version 16
VisualStudioVersion = 16.0.29519.87
MinimumVisualStudioVersion = 10.0.40219.1
Project("{FAE04EC0-301F-11D3-BF4B-00C04F79EFBC}") = "HSP_Projekt", "HSP_Projekt\HSP_Projekt.csproj", "{E43B3A43-8F0D-4298-A6B6-E5606AA0E510}"
EndProject
Global
	GlobalSection(SolutionConfigurationPlatforms) = preSolution
		Debug|Any CPU = Debug|Any CPU
		Release|Any CPU = Release|Any CPU
	EndGlobalSection
	GlobalSection(ProjectConfigurationPlatforms) = postSolution
		{E43B3A43-8F0D-4298-A6B6-E5606AA0E510}.Debug|Any CPU.ActiveCfg = Debug|Any CPU
		{E43B3A43-8F0D-4298-A6B6-E5606AA0E510}.Debug|Any CPU.Build.0 = Debug|Any CPU
		{E43B3A43-8F0D-4298-A6B6-E5606AA0E510}.Release|Any CPU.ActiveCfg = Release|Any CPU
		{E43B3A43-8F0D-4298-A6B6-E5606AA0E510}.Release|Any CPU.Build.0 = Release|Any CPU
	EndGlobalSection
	GlobalSection(SolutionProperties) = preSolution
		HideSolutionNode = FALSE
	EndGlobalSection
	GlobalSection(ExtensibilityGlobals) = postSolution
		SolutionGuid = {3DE8F519-13C9-4BAD-A181-0EF00C3C0E86}
	EndGlobalSection
EndGlobal
